
Microsoft Visual Studio Solution File, Format Version 12.00
# Visual Studio Version 17
VisualStudioVersion = 17.13.35825.156 d17.13
MinimumVisualStudioVersion = 10.0.40219.1
Project("{FAE04EC0-301F-11D3-BF4B-00C04F79EFBC}") = "MyConsoleApp", "MyConsoleApp\MyConsoleApp.csproj", "{0DFC95AA-BEF9-4794-86BD-BDA7FE9A08CC}"
EndProject
Project("{FAE04EC0-301F-11D3-BF4B-00C04F79EFBC}") = "MyTest", "MyTest\MyTest.csproj", "{6A329493-D7C8-424D-A2DC-460B1534F14C}"
EndProject
Global
	GlobalSection(SolutionConfigurationPlatforms) = preSolution
		Debug|Any CPU = Debug|Any CPU
		Release|Any CPU = Release|Any CPU
	EndGlobalSection
	GlobalSection(ProjectConfigurationPlatforms) = postSolution
		{0DFC95AA-BEF9-4794-86BD-BDA7FE9A08CC}.Debug|Any CPU.ActiveCfg = Debug|Any CPU
		{0DFC95AA-BEF9-4794-86BD-BDA7FE9A08CC}.Debug|Any CPU.Build.0 = Debug|Any CPU
		{0DFC95AA-BEF9-4794-86BD-BDA7FE9A08CC}.Release|Any CPU.ActiveCfg = Release|Any CPU
		{0DFC95AA-BEF9-4794-86BD-BDA7FE9A08CC}.Release|Any CPU.Build.0 = Release|Any CPU
		{6A329493-D7C8-424D-A2DC-460B1534F14C}.Debug|Any CPU.ActiveCfg = Debug|Any CPU
		{6A329493-D7C8-424D-A2DC-460B1534F14C}.Debug|Any CPU.Build.0 = Debug|Any CPU
		{6A329493-D7C8-424D-A2DC-460B1534F14C}.Release|Any CPU.ActiveCfg = Release|Any CPU
		{6A329493-D7C8-424D-A2DC-460B1534F14C}.Release|Any CPU.Build.0 = Release|Any CPU
	EndGlobalSection
	GlobalSection(SolutionProperties) = preSolution
		HideSolutionNode = FALSE
	EndGlobalSection
	GlobalSection(ExtensibilityGlobals) = postSolution
		SolutionGuid = {0EDD8980-B89A-4D4D-A295-39DBABAF8549}
	EndGlobalSection
EndGlobal
